
Microsoft Visual Studio Solution File, Format Version 12.00
# Visual Studio Version 17
VisualStudioVersion = 17.9.34728.123
MinimumVisualStudioVersion = 10.0.40219.1
Project("{9A19103F-16F7-4668-BE54-9A1E7A4F7556}") = "ExerciseEnumsComposition", "ExerciseEnumsComposition.csproj", "{6746E9FD-B50E-40E7-B21E-6AE8A078A98F}"
EndProject
Project("{9A19103F-16F7-4668-BE54-9A1E7A4F7556}") = "ExerciseAbstractMethods", "..\ExerciseAbstractMethods\ExerciseAbstractMethods.csproj", "{FC36A824-5AD4-4AE3-BE12-3BFB75227A6F}"
EndProject
Project("{9A19103F-16F7-4668-BE54-9A1E7A4F7556}") = "ExerciseFiles", "..\ExerciseFiles\ExerciseFiles.csproj", "{96110E34-AD1D-4CCB-91F9-2638719B23BB}"
EndProject
Project("{9A19103F-16F7-4668-BE54-9A1E7A4F7556}") = "ExerciseInterface", "..\ExerciseInterface\ExerciseInterface.csproj", "{858CFEA7-D07F-4FD1-B6BF-BE92E0FAA02B}"
EndProject
Project("{9A19103F-16F7-4668-BE54-9A1E7A4F7556}") = "ExerciseHashSet", "..\ExerciseHashSet\ExerciseHashSet.csproj", "{675D58ED-E0C2-4369-A162-BC920ED68D52}"
EndProject
Project("{9A19103F-16F7-4668-BE54-9A1E7A4F7556}") = "ExerciseCollections", "..\ExerciseCollections\ExerciseCollections.csproj", "{C42C5422-E6EE-432B-B7AD-6532AA0FA21B}"
EndProject
Project("{9A19103F-16F7-4668-BE54-9A1E7A4F7556}") = "Comparison", "..\Comparison\Comparison.csproj", "{1D488E24-6DCC-4817-8437-91D6CEB93B4E}"
EndProject
Project("{FAE04EC0-301F-11D3-BF4B-00C04F79EFBC}") = "Linq", "..\Linq\Linq.csproj", "{05E5D150-A509-46DD-8348-AC3CA69D8FBD}"
EndProject
Project("{FAE04EC0-301F-11D3-BF4B-00C04F79EFBC}") = "LinqExercise", "..\LinqExercise\LinqExercise.csproj", "{57975AF1-AC45-4C42-861B-F38953EDDB5C}"
EndProject
Project("{FAE04EC0-301F-11D3-BF4B-00C04F79EFBC}") = "LinqExerciseForReal", "..\LinqExerciseForReal\LinqExerciseForReal.csproj", "{ADC33DBA-93EA-4659-8B28-D4D048659171}"
EndProject
Global
	GlobalSection(SolutionConfigurationPlatforms) = preSolution
		Debug|Any CPU = Debug|Any CPU
		Release|Any CPU = Release|Any CPU
	EndGlobalSection
	GlobalSection(ProjectConfigurationPlatforms) = postSolution
		{6746E9FD-B50E-40E7-B21E-6AE8A078A98F}.Debug|Any CPU.ActiveCfg = Debug|Any CPU
		{6746E9FD-B50E-40E7-B21E-6AE8A078A98F}.Debug|Any CPU.Build.0 = Debug|Any CPU
		{6746E9FD-B50E-40E7-B21E-6AE8A078A98F}.Release|Any CPU.ActiveCfg = Release|Any CPU
		{6746E9FD-B50E-40E7-B21E-6AE8A078A98F}.Release|Any CPU.Build.0 = Release|Any CPU
		{FC36A824-5AD4-4AE3-BE12-3BFB75227A6F}.Debug|Any CPU.ActiveCfg = Debug|Any CPU
		{FC36A824-5AD4-4AE3-BE12-3BFB75227A6F}.Debug|Any CPU.Build.0 = Debug|Any CPU
		{FC36A824-5AD4-4AE3-BE12-3BFB75227A6F}.Release|Any CPU.ActiveCfg = Release|Any CPU
		{FC36A824-5AD4-4AE3-BE12-3BFB75227A6F}.Release|Any CPU.Build.0 = Release|Any CPU
		{96110E34-AD1D-4CCB-91F9-2638719B23BB}.Debug|Any CPU.ActiveCfg = Debug|Any CPU
		{96110E34-AD1D-4CCB-91F9-2638719B23BB}.Debug|Any CPU.Build.0 = Debug|Any CPU
		{96110E34-AD1D-4CCB-91F9-2638719B23BB}.Release|Any CPU.ActiveCfg = Release|Any CPU
		{96110E34-AD1D-4CCB-91F9-2638719B23BB}.Release|Any CPU.Build.0 = Release|Any CPU
		{858CFEA7-D07F-4FD1-B6BF-BE92E0FAA02B}.Debug|Any CPU.ActiveCfg = Debug|Any CPU
		{858CFEA7-D07F-4FD1-B6BF-BE92E0FAA02B}.Debug|Any CPU.Build.0 = Debug|Any CPU
		{858CFEA7-D07F-4FD1-B6BF-BE92E0FAA02B}.Release|Any CPU.ActiveCfg = Release|Any CPU
		{858CFEA7-D07F-4FD1-B6BF-BE92E0FAA02B}.Release|Any CPU.Build.0 = Release|Any CPU
		{675D58ED-E0C2-4369-A162-BC920ED68D52}.Debug|Any CPU.ActiveCfg = Debug|Any CPU
		{675D58ED-E0C2-4369-A162-BC920ED68D52}.Debug|Any CPU.Build.0 = Debug|Any CPU
		{675D58ED-E0C2-4369-A162-BC920ED68D52}.Release|Any CPU.ActiveCfg = Release|Any CPU
		{675D58ED-E0C2-4369-A162-BC920ED68D52}.Release|Any CPU.Build.0 = Release|Any CPU
		{C42C5422-E6EE-432B-B7AD-6532AA0FA21B}.Debug|Any CPU.ActiveCfg = Debug|Any CPU
		{C42C5422-E6EE-432B-B7AD-6532AA0FA21B}.Debug|Any CPU.Build.0 = Debug|Any CPU
		{C42C5422-E6EE-432B-B7AD-6532AA0FA21B}.Release|Any CPU.ActiveCfg = Release|Any CPU
		{C42C5422-E6EE-432B-B7AD-6532AA0FA21B}.Release|Any CPU.Build.0 = Release|Any CPU
		{1D488E24-6DCC-4817-8437-91D6CEB93B4E}.Debug|Any CPU.ActiveCfg = Debug|Any CPU
		{1D488E24-6DCC-4817-8437-91D6CEB93B4E}.Debug|Any CPU.Build.0 = Debug|Any CPU
		{1D488E24-6DCC-4817-8437-91D6CEB93B4E}.Release|Any CPU.ActiveCfg = Release|Any CPU
		{1D488E24-6DCC-4817-8437-91D6CEB93B4E}.Release|Any CPU.Build.0 = Release|Any CPU
		{05E5D150-A509-46DD-8348-AC3CA69D8FBD}.Debug|Any CPU.ActiveCfg = Debug|Any CPU
		{05E5D150-A509-46DD-8348-AC3CA69D8FBD}.Debug|Any CPU.Build.0 = Debug|Any CPU
		{05E5D150-A509-46DD-8348-AC3CA69D8FBD}.Release|Any CPU.ActiveCfg = Release|Any CPU
		{05E5D150-A509-46DD-8348-AC3CA69D8FBD}.Release|Any CPU.Build.0 = Release|Any CPU
		{57975AF1-AC45-4C42-861B-F38953EDDB5C}.Debug|Any CPU.ActiveCfg = Debug|Any CPU
		{57975AF1-AC45-4C42-861B-F38953EDDB5C}.Debug|Any CPU.Build.0 = Debug|Any CPU
		{57975AF1-AC45-4C42-861B-F38953EDDB5C}.Release|Any CPU.ActiveCfg = Release|Any CPU
		{57975AF1-AC45-4C42-861B-F38953EDDB5C}.Release|Any CPU.Build.0 = Release|Any CPU
		{ADC33DBA-93EA-4659-8B28-D4D048659171}.Debug|Any CPU.ActiveCfg = Debug|Any CPU
		{ADC33DBA-93EA-4659-8B28-D4D048659171}.Debug|Any CPU.Build.0 = Debug|Any CPU
		{ADC33DBA-93EA-4659-8B28-D4D048659171}.Release|Any CPU.ActiveCfg = Release|Any CPU
		{ADC33DBA-93EA-4659-8B28-D4D048659171}.Release|Any CPU.Build.0 = Release|Any CPU
	EndGlobalSection
	GlobalSection(SolutionProperties) = preSolution
		HideSolutionNode = FALSE
	EndGlobalSection
	GlobalSection(ExtensibilityGlobals) = postSolution
		SolutionGuid = {86D7235F-64A3-46BC-B1DD-050166007FD5}
	EndGlobalSection
EndGlobal
